
Microsoft Visual Studio Solution File, Format Version 12.00
# Visual Studio Version 17
VisualStudioVersion = 17.12.35707.178
MinimumVisualStudioVersion = 10.0.40219.1
Project("{FAE04EC0-301F-11D3-BF4B-00C04F79EFBC}") = "Test.Web", "Test.Web\Test.Web.csproj", "{C558FB70-1073-43D5-8B0D-9D31E61FB102}"
EndProject
Project("{FAE04EC0-301F-11D3-BF4B-00C04F79EFBC}") = "Test.Domain", "Test.Domain\Test.Domain.csproj", "{84B18265-7C1A-4914-ABB6-398877992D96}"
EndProject
Project("{FAE04EC0-301F-11D3-BF4B-00C04F79EFBC}") = "Test.Application", "Test.Application\Test.Application.csproj", "{0BA4FB3A-CAD4-453C-A767-9BE9C94E858B}"
EndProject
Project("{FAE04EC0-301F-11D3-BF4B-00C04F79EFBC}") = "Test.Infrastructure", "Test.Infrastructure\Test.Infrastructure.csproj", "{84D6AAEA-EB92-4B23-B16E-3520887B8FA0}"
EndProject
Global
	GlobalSection(SolutionConfigurationPlatforms) = preSolution
		Debug|Any CPU = Debug|Any CPU
		Release|Any CPU = Release|Any CPU
	EndGlobalSection
	GlobalSection(ProjectConfigurationPlatforms) = postSolution
		{C558FB70-1073-43D5-8B0D-9D31E61FB102}.Debug|Any CPU.ActiveCfg = Debug|Any CPU
		{C558FB70-1073-43D5-8B0D-9D31E61FB102}.Debug|Any CPU.Build.0 = Debug|Any CPU
		{C558FB70-1073-43D5-8B0D-9D31E61FB102}.Release|Any CPU.ActiveCfg = Release|Any CPU
		{C558FB70-1073-43D5-8B0D-9D31E61FB102}.Release|Any CPU.Build.0 = Release|Any CPU
		{84B18265-7C1A-4914-ABB6-398877992D96}.Debug|Any CPU.ActiveCfg = Debug|Any CPU
		{84B18265-7C1A-4914-ABB6-398877992D96}.Debug|Any CPU.Build.0 = Debug|Any CPU
		{84B18265-7C1A-4914-ABB6-398877992D96}.Release|Any CPU.ActiveCfg = Release|Any CPU
		{84B18265-7C1A-4914-ABB6-398877992D96}.Release|Any CPU.Build.0 = Release|Any CPU
		{0BA4FB3A-CAD4-453C-A767-9BE9C94E858B}.Debug|Any CPU.ActiveCfg = Debug|Any CPU
		{0BA4FB3A-CAD4-453C-A767-9BE9C94E858B}.Debug|Any CPU.Build.0 = Debug|Any CPU
		{0BA4FB3A-CAD4-453C-A767-9BE9C94E858B}.Release|Any CPU.ActiveCfg = Release|Any CPU
		{0BA4FB3A-CAD4-453C-A767-9BE9C94E858B}.Release|Any CPU.Build.0 = Release|Any CPU
		{84D6AAEA-EB92-4B23-B16E-3520887B8FA0}.Debug|Any CPU.ActiveCfg = Debug|Any CPU
		{84D6AAEA-EB92-4B23-B16E-3520887B8FA0}.Debug|Any CPU.Build.0 = Debug|Any CPU
		{84D6AAEA-EB92-4B23-B16E-3520887B8FA0}.Release|Any CPU.ActiveCfg = Release|Any CPU
		{84D6AAEA-EB92-4B23-B16E-3520887B8FA0}.Release|Any CPU.Build.0 = Release|Any CPU
	EndGlobalSection
	GlobalSection(SolutionProperties) = preSolution
		HideSolutionNode = FALSE
	EndGlobalSection
EndGlobal
